
Microsoft Visual Studio Solution File, Format Version 12.00
# Visual Studio 14
VisualStudioVersion = 14.0.24720.0
MinimumVisualStudioVersion = 10.0.40219.1
Project("{FAE04EC0-301F-11D3-BF4B-00C04F79EFBC}") = "AspNetSelfHost", "AspNetSelfHost\AspNetSelfHost.csproj", "{AAA5F629-068A-4869-9689-8A5E86E5B09F}"
EndProject
Project("{E24C65DC-7377-472B-9ABA-BC803B73C61A}") = "wwwroot", "wwwroot\", "{48121ED1-AE3B-4867-A82D-931A20BFD27C}"
	ProjectSection(WebsiteProperties) = preProject
		TargetFrameworkMoniker = ".NETFramework,Version%3Dv4.0"
		Debug.AspNetCompiler.VirtualPath = "/localhost_53767"
		Debug.AspNetCompiler.PhysicalPath = "wwwroot\"
		Debug.AspNetCompiler.TargetPath = "PrecompiledWeb\localhost_53767\"
		Debug.AspNetCompiler.Updateable = "true"
		Debug.AspNetCompiler.ForceOverwrite = "true"
		Debug.AspNetCompiler.FixedNames = "false"
		Debug.AspNetCompiler.Debug = "True"
		Release.AspNetCompiler.VirtualPath = "/localhost_53767"
		Release.AspNetCompiler.PhysicalPath = "wwwroot\"
		Release.AspNetCompiler.TargetPath = "PrecompiledWeb\localhost_53767\"
		Release.AspNetCompiler.Updateable = "true"
		Release.AspNetCompiler.ForceOverwrite = "true"
		Release.AspNetCompiler.FixedNames = "false"
		Release.AspNetCompiler.Debug = "False"
		VWDPort = "53767"
		SlnRelativePath = "wwwroot\"
	EndProjectSection
EndProject
Global
	GlobalSection(SolutionConfigurationPlatforms) = preSolution
		Debug|Any CPU = Debug|Any CPU
		Debug|ARM = Debug|ARM
		Debug|x64 = Debug|x64
		Debug|x86 = Debug|x86
		Release|Any CPU = Release|Any CPU
		Release|ARM = Release|ARM
		Release|x64 = Release|x64
		Release|x86 = Release|x86
	EndGlobalSection
	GlobalSection(ProjectConfigurationPlatforms) = postSolution
		{AAA5F629-068A-4869-9689-8A5E86E5B09F}.Debug|Any CPU.ActiveCfg = Debug|Any CPU
		{AAA5F629-068A-4869-9689-8A5E86E5B09F}.Debug|Any CPU.Build.0 = Debug|Any CPU
		{AAA5F629-068A-4869-9689-8A5E86E5B09F}.Debug|ARM.ActiveCfg = Debug|Any CPU
		{AAA5F629-068A-4869-9689-8A5E86E5B09F}.Debug|ARM.Build.0 = Debug|Any CPU
		{AAA5F629-068A-4869-9689-8A5E86E5B09F}.Debug|x64.ActiveCfg = Debug|Any CPU
		{AAA5F629-068A-4869-9689-8A5E86E5B09F}.Debug|x64.Build.0 = Debug|Any CPU
		{AAA5F629-068A-4869-9689-8A5E86E5B09F}.Debug|x86.ActiveCfg = Debug|Any CPU
		{AAA5F629-068A-4869-9689-8A5E86E5B09F}.Debug|x86.Build.0 = Debug|Any CPU
		{AAA5F629-068A-4869-9689-8A5E86E5B09F}.Release|Any CPU.ActiveCfg = Release|Any CPU
		{AAA5F629-068A-4869-9689-8A5E86E5B09F}.Release|Any CPU.Build.0 = Release|Any CPU
		{AAA5F629-068A-4869-9689-8A5E86E5B09F}.Release|ARM.ActiveCfg = Release|Any CPU
		{AAA5F629-068A-4869-9689-8A5E86E5B09F}.Release|ARM.Build.0 = Release|Any CPU
		{AAA5F629-068A-4869-9689-8A5E86E5B09F}.Release|x64.ActiveCfg = Release|Any CPU
		{AAA5F629-068A-4869-9689-8A5E86E5B09F}.Release|x64.Build.0 = Release|Any CPU
		{AAA5F629-068A-4869-9689-8A5E86E5B09F}.Release|x86.ActiveCfg = Release|Any CPU
		{AAA5F629-068A-4869-9689-8A5E86E5B09F}.Release|x86.Build.0 = Release|Any CPU
		{48121ED1-AE3B-4867-A82D-931A20BFD27C}.Debug|Any CPU.ActiveCfg = Debug|Any CPU
		{48121ED1-AE3B-4867-A82D-931A20BFD27C}.Debug|Any CPU.Build.0 = Debug|Any CPU
		{48121ED1-AE3B-4867-A82D-931A20BFD27C}.Debug|ARM.ActiveCfg = Debug|Any CPU
		{48121ED1-AE3B-4867-A82D-931A20BFD27C}.Debug|ARM.Build.0 = Debug|Any CPU
		{48121ED1-AE3B-4867-A82D-931A20BFD27C}.Debug|x64.ActiveCfg = Debug|Any CPU
		{48121ED1-AE3B-4867-A82D-931A20BFD27C}.Debug|x64.Build.0 = Debug|Any CPU
		{48121ED1-AE3B-4867-A82D-931A20BFD27C}.Debug|x86.ActiveCfg = Debug|Any CPU
		{48121ED1-AE3B-4867-A82D-931A20BFD27C}.Debug|x86.Build.0 = Debug|Any CPU
		{48121ED1-AE3B-4867-A82D-931A20BFD27C}.Release|Any CPU.ActiveCfg = Debug|Any CPU
		{48121ED1-AE3B-4867-A82D-931A20BFD27C}.Release|Any CPU.Build.0 = Debug|Any CPU
		{48121ED1-AE3B-4867-A82D-931A20BFD27C}.Release|ARM.ActiveCfg = Debug|Any CPU
		{48121ED1-AE3B-4867-A82D-931A20BFD27C}.Release|ARM.Build.0 = Debug|Any CPU
		{48121ED1-AE3B-4867-A82D-931A20BFD27C}.Release|x64.ActiveCfg = Debug|Any CPU
		{48121ED1-AE3B-4867-A82D-931A20BFD27C}.Release|x64.Build.0 = Debug|Any CPU
		{48121ED1-AE3B-4867-A82D-931A20BFD27C}.Release|x86.ActiveCfg = Debug|Any CPU
		{48121ED1-AE3B-4867-A82D-931A20BFD27C}.Release|x86.Build.0 = Debug|Any CPU
	EndGlobalSection
	GlobalSection(SolutionProperties) = preSolution
		HideSolutionNode = FALSE
	EndGlobalSection
EndGlobal
